// !$*UTF8*$!
{
	archiveVersion = 1;
	classes = {
	};
	objectVersion = 56;
	objects = {

/* Begin PBXBuildFile section */
		4708D1BE2B7225B500DE8FB8 /* AppDelegate.swift in Sources */ = {isa = PBXBuildFile; fileRef = 4708D1BD2B7225B500DE8FB8 /* AppDelegate.swift */; };
		4708D1C02B7225B500DE8FB8 /* SceneDelegate.swift in Sources */ = {isa = PBXBuildFile; fileRef = 4708D1BF2B7225B500DE8FB8 /* SceneDelegate.swift */; };
		4708D1C32B7225B500DE8FB8 /* LaunchScreen.storyboard in Resources */ = {isa = PBXBuildFile; fileRef = 4708D1C12B7225B500DE8FB8 /* LaunchScreen.storyboard */; };
		4708D1C62B7225B500DE8FB8 /* Main.storyboard in Resources */ = {isa = PBXBuildFile; fileRef = 4708D1C42B7225B500DE8FB8 /* Main.storyboard */; };
		4708D1CF2B7225B500DE8FB8 /* AppDelegate.swift in Sources */ = {isa = PBXBuildFile; fileRef = 4708D1CE2B7225B500DE8FB8 /* AppDelegate.swift */; };
		4708D1D22B7225B500DE8FB8 /* Main.storyboard in Resources */ = {isa = PBXBuildFile; fileRef = 4708D1D02B7225B500DE8FB8 /* Main.storyboard */; };
		4708D1DA2B7225B500DE8FB8 /* JiraTimesheet Extension Extension.appex in Embed Foundation Extensions */ = {isa = PBXBuildFile; fileRef = 4708D1D92B7225B500DE8FB8 /* JiraTimesheet Extension Extension.appex */; settings = {ATTRIBUTES = (RemoveHeadersOnCopy, ); }; };
		4708D1E42B7225B500DE8FB8 /* JiraTimesheet Extension Extension.appex in Embed Foundation Extensions */ = {isa = PBXBuildFile; fileRef = 4708D1E32B7225B500DE8FB8 /* JiraTimesheet Extension Extension.appex */; settings = {ATTRIBUTES = (RemoveHeadersOnCopy, ); }; };
		4708D1EA2B7225B500DE8FB8 /* Main.html in Resources */ = {isa = PBXBuildFile; fileRef = 4708D1AD2B7225B400DE8FB8 /* Main.html */; };
		4708D1EB2B7225B500DE8FB8 /* Main.html in Resources */ = {isa = PBXBuildFile; fileRef = 4708D1AD2B7225B400DE8FB8 /* Main.html */; };
		4708D1EC2B7225B500DE8FB8 /* Icon.png in Resources */ = {isa = PBXBuildFile; fileRef = 4708D1AF2B7225B400DE8FB8 /* Icon.png */; };
		4708D1ED2B7225B500DE8FB8 /* Icon.png in Resources */ = {isa = PBXBuildFile; fileRef = 4708D1AF2B7225B400DE8FB8 /* Icon.png */; };
		4708D1EE2B7225B500DE8FB8 /* Style.css in Resources */ = {isa = PBXBuildFile; fileRef = 4708D1B02B7225B400DE8FB8 /* Style.css */; };
		4708D1EF2B7225B500DE8FB8 /* Style.css in Resources */ = {isa = PBXBuildFile; fileRef = 4708D1B02B7225B400DE8FB8 /* Style.css */; };
		4708D1F02B7225B500DE8FB8 /* Script.js in Resources */ = {isa = PBXBuildFile; fileRef = 4708D1B12B7225B400DE8FB8 /* Script.js */; };
		4708D1F12B7225B500DE8FB8 /* Script.js in Resources */ = {isa = PBXBuildFile; fileRef = 4708D1B12B7225B400DE8FB8 /* Script.js */; };
		4708D1F22B7225B500DE8FB8 /* ViewController.swift in Sources */ = {isa = PBXBuildFile; fileRef = 4708D1B22B7225B400DE8FB8 /* ViewController.swift */; };
		4708D1F32B7225B500DE8FB8 /* ViewController.swift in Sources */ = {isa = PBXBuildFile; fileRef = 4708D1B22B7225B400DE8FB8 /* ViewController.swift */; };
		4708D1F42B7225B500DE8FB8 /* Assets.xcassets in Resources */ = {isa = PBXBuildFile; fileRef = 4708D1B32B7225B500DE8FB8 /* Assets.xcassets */; };
		4708D1F52B7225B500DE8FB8 /* Assets.xcassets in Resources */ = {isa = PBXBuildFile; fileRef = 4708D1B32B7225B500DE8FB8 /* Assets.xcassets */; };
		4708D1F62B7225B500DE8FB8 /* SafariWebExtensionHandler.swift in Sources */ = {isa = PBXBuildFile; fileRef = 4708D1B52B7225B500DE8FB8 /* SafariWebExtensionHandler.swift */; };
		4708D1F72B7225B500DE8FB8 /* SafariWebExtensionHandler.swift in Sources */ = {isa = PBXBuildFile; fileRef = 4708D1B52B7225B500DE8FB8 /* SafariWebExtensionHandler.swift */; };
		4708D20D2B7225B500DE8FB8 /* index.html in Resources */ = {isa = PBXBuildFile; fileRef = 4708D2092B7225B500DE8FB8 /* index.html */; };
		4708D20E2B7225B500DE8FB8 /* script.js in Resources */ = {isa = PBXBuildFile; fileRef = 4708D20A2B7225B500DE8FB8 /* script.js */; };
		4708D20F2B7225B500DE8FB8 /* icons in Resources */ = {isa = PBXBuildFile; fileRef = 4708D20B2B7225B500DE8FB8 /* icons */; };
		4708D2102B7225B500DE8FB8 /* manifest.json in Resources */ = {isa = PBXBuildFile; fileRef = 4708D20C2B7225B500DE8FB8 /* manifest.json */; };
		4708D2112B7225B500DE8FB8 /* index.html in Resources */ = {isa = PBXBuildFile; fileRef = 4708D2092B7225B500DE8FB8 /* index.html */; };
		4708D2122B7225B500DE8FB8 /* script.js in Resources */ = {isa = PBXBuildFile; fileRef = 4708D20A2B7225B500DE8FB8 /* script.js */; };
		4708D2132B7225B500DE8FB8 /* icons in Resources */ = {isa = PBXBuildFile; fileRef = 4708D20B2B7225B500DE8FB8 /* icons */; };
		4708D2142B7225B500DE8FB8 /* manifest.json in Resources */ = {isa = PBXBuildFile; fileRef = 4708D20C2B7225B500DE8FB8 /* manifest.json */; };
		47392D7E2B72EEA300BF151E /* style.css in Resources */ = {isa = PBXBuildFile; fileRef = 47392D7D2B72EEA300BF151E /* style.css */; };
		47392D7F2B72EEA300BF151E /* style.css in Resources */ = {isa = PBXBuildFile; fileRef = 47392D7D2B72EEA300BF151E /* style.css */; };
/* End PBXBuildFile section */

/* Begin PBXContainerItemProxy section */
		4708D1DB2B7225B500DE8FB8 /* PBXContainerItemProxy */ = {
			isa = PBXContainerItemProxy;
			containerPortal = 4708D1A72B7225B400DE8FB8 /* Project object */;
			proxyType = 1;
			remoteGlobalIDString = 4708D1D82B7225B500DE8FB8;
			remoteInfo = "JiraTimesheet Extension Extension (iOS)";
		};
		4708D1E52B7225B500DE8FB8 /* PBXContainerItemProxy */ = {
			isa = PBXContainerItemProxy;
			containerPortal = 4708D1A72B7225B400DE8FB8 /* Project object */;
			proxyType = 1;
			remoteGlobalIDString = 4708D1E22B7225B500DE8FB8;
			remoteInfo = "JiraTimesheet Extension Extension (macOS)";
		};
/* End PBXContainerItemProxy section */

/* Begin PBXCopyFilesBuildPhase section */
		4708D1FD2B7225B500DE8FB8 /* Embed Foundation Extensions */ = {
			isa = PBXCopyFilesBuildPhase;
			buildActionMask = 2147483647;
			dstPath = "";
			dstSubfolderSpec = 13;
			files = (
				4708D1DA2B7225B500DE8FB8 /* JiraTimesheet Extension Extension.appex in Embed Foundation Extensions */,
			);
			name = "Embed Foundation Extensions";
			runOnlyForDeploymentPostprocessing = 0;
		};
		4708D2042B7225B500DE8FB8 /* Embed Foundation Extensions */ = {
			isa = PBXCopyFilesBuildPhase;
			buildActionMask = 2147483647;
			dstPath = "";
			dstSubfolderSpec = 13;
			files = (
				4708D1E42B7225B500DE8FB8 /* JiraTimesheet Extension Extension.appex in Embed Foundation Extensions */,
			);
			name = "Embed Foundation Extensions";
			runOnlyForDeploymentPostprocessing = 0;
		};
/* End PBXCopyFilesBuildPhase section */

/* Begin PBXFileReference section */
		4708D1AE2B7225B400DE8FB8 /* Base */ = {isa = PBXFileReference; lastKnownFileType = text.html; name = Base; path = ../Base.lproj/Main.html; sourceTree = "<group>"; };
		4708D1AF2B7225B400DE8FB8 /* Icon.png */ = {isa = PBXFileReference; lastKnownFileType = image.png; path = Icon.png; sourceTree = "<group>"; };
		4708D1B02B7225B400DE8FB8 /* Style.css */ = {isa = PBXFileReference; lastKnownFileType = text.css; path = Style.css; sourceTree = "<group>"; };
		4708D1B12B7225B400DE8FB8 /* Script.js */ = {isa = PBXFileReference; lastKnownFileType = sourcecode.javascript; path = Script.js; sourceTree = "<group>"; };
		4708D1B22B7225B400DE8FB8 /* ViewController.swift */ = {isa = PBXFileReference; lastKnownFileType = sourcecode.swift; path = ViewController.swift; sourceTree = "<group>"; };
		4708D1B32B7225B500DE8FB8 /* Assets.xcassets */ = {isa = PBXFileReference; lastKnownFileType = folder.assetcatalog; path = Assets.xcassets; sourceTree = "<group>"; };
		4708D1B52B7225B500DE8FB8 /* SafariWebExtensionHandler.swift */ = {isa = PBXFileReference; lastKnownFileType = sourcecode.swift; path = SafariWebExtensionHandler.swift; sourceTree = "<group>"; };
		4708D1BA2B7225B500DE8FB8 /* JiraTimesheet Extension.app */ = {isa = PBXFileReference; explicitFileType = wrapper.application; includeInIndex = 0; path = "JiraTimesheet Extension.app"; sourceTree = BUILT_PRODUCTS_DIR; };
		4708D1BD2B7225B500DE8FB8 /* AppDelegate.swift */ = {isa = PBXFileReference; lastKnownFileType = sourcecode.swift; path = AppDelegate.swift; sourceTree = "<group>"; };
		4708D1BF2B7225B500DE8FB8 /* SceneDelegate.swift */ = {isa = PBXFileReference; lastKnownFileType = sourcecode.swift; path = SceneDelegate.swift; sourceTree = "<group>"; };
		4708D1C22B7225B500DE8FB8 /* Base */ = {isa = PBXFileReference; lastKnownFileType = file.storyboard; name = Base; path = Base.lproj/LaunchScreen.storyboard; sourceTree = "<group>"; };
		4708D1C52B7225B500DE8FB8 /* Base */ = {isa = PBXFileReference; lastKnownFileType = file.storyboard; name = Base; path = Base.lproj/Main.storyboard; sourceTree = "<group>"; };
		4708D1C72B7225B500DE8FB8 /* Info.plist */ = {isa = PBXFileReference; lastKnownFileType = text.plist.xml; path = Info.plist; sourceTree = "<group>"; };
		4708D1CC2B7225B500DE8FB8 /* JiraTimesheet Extension.app */ = {isa = PBXFileReference; explicitFileType = wrapper.application; includeInIndex = 0; path = "JiraTimesheet Extension.app"; sourceTree = BUILT_PRODUCTS_DIR; };
		4708D1CE2B7225B500DE8FB8 /* AppDelegate.swift */ = {isa = PBXFileReference; lastKnownFileType = sourcecode.swift; path = AppDelegate.swift; sourceTree = "<group>"; };
		4708D1D12B7225B500DE8FB8 /* Base */ = {isa = PBXFileReference; lastKnownFileType = file.storyboard; name = Base; path = Base.lproj/Main.storyboard; sourceTree = "<group>"; };
		4708D1D32B7225B500DE8FB8 /* Info.plist */ = {isa = PBXFileReference; lastKnownFileType = text.plist.xml; path = Info.plist; sourceTree = "<group>"; };
		4708D1D42B7225B500DE8FB8 /* JiraTimesheet Extension.entitlements */ = {isa = PBXFileReference; lastKnownFileType = text.plist.entitlements; path = "JiraTimesheet Extension.entitlements"; sourceTree = "<group>"; };
		4708D1D92B7225B500DE8FB8 /* JiraTimesheet Extension Extension.appex */ = {isa = PBXFileReference; explicitFileType = "wrapper.app-extension"; includeInIndex = 0; path = "JiraTimesheet Extension Extension.appex"; sourceTree = BUILT_PRODUCTS_DIR; };
		4708D1DE2B7225B500DE8FB8 /* Info.plist */ = {isa = PBXFileReference; lastKnownFileType = text.plist.xml; path = Info.plist; sourceTree = "<group>"; };
		4708D1E32B7225B500DE8FB8 /* JiraTimesheet Extension Extension.appex */ = {isa = PBXFileReference; explicitFileType = "wrapper.app-extension"; includeInIndex = 0; path = "JiraTimesheet Extension Extension.appex"; sourceTree = BUILT_PRODUCTS_DIR; };
		4708D1E82B7225B500DE8FB8 /* Info.plist */ = {isa = PBXFileReference; lastKnownFileType = text.plist.xml; path = Info.plist; sourceTree = "<group>"; };
		4708D1E92B7225B500DE8FB8 /* JiraTimesheet Extension.entitlements */ = {isa = PBXFileReference; lastKnownFileType = text.plist.entitlements; path = "JiraTimesheet Extension.entitlements"; sourceTree = "<group>"; };
		4708D2092B7225B500DE8FB8 /* index.html */ = {isa = PBXFileReference; lastKnownFileType = text.html; name = index.html; path = ../../safari/index.html; sourceTree = "<group>"; };
		4708D20A2B7225B500DE8FB8 /* script.js */ = {isa = PBXFileReference; lastKnownFileType = sourcecode.javascript; name = script.js; path = ../../safari/script.js; sourceTree = "<group>"; };
		4708D20B2B7225B500DE8FB8 /* icons */ = {isa = PBXFileReference; lastKnownFileType = folder; name = icons; path = ../../safari/icons; sourceTree = "<group>"; };
		4708D20C2B7225B500DE8FB8 /* manifest.json */ = {isa = PBXFileReference; lastKnownFileType = text.json; name = manifest.json; path = ../../safari/manifest.json; sourceTree = "<group>"; };
		47392D7D2B72EEA300BF151E /* style.css */ = {isa = PBXFileReference; fileEncoding = 4; lastKnownFileType = text.css; name = style.css; path = ../../safari/style.css; sourceTree = "<group>"; };
/* End PBXFileReference section */

/* Begin PBXFrameworksBuildPhase section */
		4708D1B72B7225B500DE8FB8 /* Frameworks */ = {
			isa = PBXFrameworksBuildPhase;
			buildActionMask = 2147483647;
			files = (
			);
			runOnlyForDeploymentPostprocessing = 0;
		};
		4708D1C92B7225B500DE8FB8 /* Frameworks */ = {
			isa = PBXFrameworksBuildPhase;
			buildActionMask = 2147483647;
			files = (
			);
			runOnlyForDeploymentPostprocessing = 0;
		};
		4708D1D62B7225B500DE8FB8 /* Frameworks */ = {
			isa = PBXFrameworksBuildPhase;
			buildActionMask = 2147483647;
			files = (
			);
			runOnlyForDeploymentPostprocessing = 0;
		};
		4708D1E02B7225B500DE8FB8 /* Frameworks */ = {
			isa = PBXFrameworksBuildPhase;
			buildActionMask = 2147483647;
			files = (
			);
			runOnlyForDeploymentPostprocessing = 0;
		};
/* End PBXFrameworksBuildPhase section */

/* Begin PBXGroup section */
		4708D1A62B7225B400DE8FB8 = {
			isa = PBXGroup;
			children = (
				4708D1AB2B7225B400DE8FB8 /* Shared (App) */,
				4708D1B42B7225B500DE8FB8 /* Shared (Extension) */,
				4708D1BC2B7225B500DE8FB8 /* iOS (App) */,
				4708D1CD2B7225B500DE8FB8 /* macOS (App) */,
				4708D1DD2B7225B500DE8FB8 /* iOS (Extension) */,
				4708D1E72B7225B500DE8FB8 /* macOS (Extension) */,
				4708D1BB2B7225B500DE8FB8 /* Products */,
			);
			sourceTree = "<group>";
		};
		4708D1AB2B7225B400DE8FB8 /* Shared (App) */ = {
			isa = PBXGroup;
			children = (
				4708D1B22B7225B400DE8FB8 /* ViewController.swift */,
				4708D1B32B7225B500DE8FB8 /* Assets.xcassets */,
				4708D1AC2B7225B400DE8FB8 /* Resources */,
			);
			path = "Shared (App)";
			sourceTree = "<group>";
		};
		4708D1AC2B7225B400DE8FB8 /* Resources */ = {
			isa = PBXGroup;
			children = (
				4708D1AD2B7225B400DE8FB8 /* Main.html */,
				4708D1AF2B7225B400DE8FB8 /* Icon.png */,
				4708D1B02B7225B400DE8FB8 /* Style.css */,
				4708D1B12B7225B400DE8FB8 /* Script.js */,
			);
			path = Resources;
			sourceTree = "<group>";
		};
		4708D1B42B7225B500DE8FB8 /* Shared (Extension) */ = {
			isa = PBXGroup;
			children = (
				4708D2082B7225B500DE8FB8 /* Resources */,
				4708D1B52B7225B500DE8FB8 /* SafariWebExtensionHandler.swift */,
			);
			path = "Shared (Extension)";
			sourceTree = "<group>";
		};
		4708D1BB2B7225B500DE8FB8 /* Products */ = {
			isa = PBXGroup;
			children = (
				4708D1BA2B7225B500DE8FB8 /* JiraTimesheet Extension.app */,
				4708D1CC2B7225B500DE8FB8 /* JiraTimesheet Extension.app */,
				4708D1D92B7225B500DE8FB8 /* JiraTimesheet Extension Extension.appex */,
				4708D1E32B7225B500DE8FB8 /* JiraTimesheet Extension Extension.appex */,
			);
			name = Products;
			sourceTree = "<group>";
		};
		4708D1BC2B7225B500DE8FB8 /* iOS (App) */ = {
			isa = PBXGroup;
			children = (
				4708D1BD2B7225B500DE8FB8 /* AppDelegate.swift */,
				4708D1BF2B7225B500DE8FB8 /* SceneDelegate.swift */,
				4708D1C12B7225B500DE8FB8 /* LaunchScreen.storyboard */,
				4708D1C42B7225B500DE8FB8 /* Main.storyboard */,
				4708D1C72B7225B500DE8FB8 /* Info.plist */,
			);
			path = "iOS (App)";
			sourceTree = "<group>";
		};
		4708D1CD2B7225B500DE8FB8 /* macOS (App) */ = {
			isa = PBXGroup;
			children = (
				4708D1CE2B7225B500DE8FB8 /* AppDelegate.swift */,
				4708D1D02B7225B500DE8FB8 /* Main.storyboard */,
				4708D1D32B7225B500DE8FB8 /* Info.plist */,
				4708D1D42B7225B500DE8FB8 /* JiraTimesheet Extension.entitlements */,
			);
			path = "macOS (App)";
			sourceTree = "<group>";
		};
		4708D1DD2B7225B500DE8FB8 /* iOS (Extension) */ = {
			isa = PBXGroup;
			children = (
				4708D1DE2B7225B500DE8FB8 /* Info.plist */,
			);
			path = "iOS (Extension)";
			sourceTree = "<group>";
		};
		4708D1E72B7225B500DE8FB8 /* macOS (Extension) */ = {
			isa = PBXGroup;
			children = (
				4708D1E82B7225B500DE8FB8 /* Info.plist */,
				4708D1E92B7225B500DE8FB8 /* JiraTimesheet Extension.entitlements */,
			);
			path = "macOS (Extension)";
			sourceTree = "<group>";
		};
		4708D2082B7225B500DE8FB8 /* Resources */ = {
			isa = PBXGroup;
			children = (
				47392D7D2B72EEA300BF151E /* style.css */,
				4708D2092B7225B500DE8FB8 /* index.html */,
				4708D20A2B7225B500DE8FB8 /* script.js */,
				4708D20B2B7225B500DE8FB8 /* icons */,
				4708D20C2B7225B500DE8FB8 /* manifest.json */,
			);
			name = Resources;
			path = "Shared (Extension)";
			sourceTree = SOURCE_ROOT;
		};
/* End PBXGroup section */

/* Begin PBXNativeTarget section */
		4708D1B92B7225B500DE8FB8 /* JiraTimesheet Extension (iOS) */ = {
			isa = PBXNativeTarget;
			buildConfigurationList = 4708D1FE2B7225B500DE8FB8 /* Build configuration list for PBXNativeTarget "JiraTimesheet Extension (iOS)" */;
			buildPhases = (
				4708D1B62B7225B500DE8FB8 /* Sources */,
				4708D1B72B7225B500DE8FB8 /* Frameworks */,
				4708D1B82B7225B500DE8FB8 /* Resources */,
				4708D1FD2B7225B500DE8FB8 /* Embed Foundation Extensions */,
			);
			buildRules = (
			);
			dependencies = (
				4708D1DC2B7225B500DE8FB8 /* PBXTargetDependency */,
			);
			name = "JiraTimesheet Extension (iOS)";
			productName = "JiraTimesheet Extension (iOS)";
			productReference = 4708D1BA2B7225B500DE8FB8 /* JiraTimesheet Extension.app */;
			productType = "com.apple.product-type.application";
		};
		4708D1CB2B7225B500DE8FB8 /* JiraTimesheet Extension (macOS) */ = {
			isa = PBXNativeTarget;
			buildConfigurationList = 4708D2052B7225B500DE8FB8 /* Build configuration list for PBXNativeTarget "JiraTimesheet Extension (macOS)" */;
			buildPhases = (
				4708D1C82B7225B500DE8FB8 /* Sources */,
				4708D1C92B7225B500DE8FB8 /* Frameworks */,
				4708D1CA2B7225B500DE8FB8 /* Resources */,
				4708D2042B7225B500DE8FB8 /* Embed Foundation Extensions */,
			);
			buildRules = (
			);
			dependencies = (
				4708D1E62B7225B500DE8FB8 /* PBXTargetDependency */,
			);
			name = "JiraTimesheet Extension (macOS)";
			productName = "JiraTimesheet Extension (macOS)";
			productReference = 4708D1CC2B7225B500DE8FB8 /* JiraTimesheet Extension.app */;
			productType = "com.apple.product-type.application";
		};
		4708D1D82B7225B500DE8FB8 /* JiraTimesheet Extension Extension (iOS) */ = {
			isa = PBXNativeTarget;
			buildConfigurationList = 4708D1FA2B7225B500DE8FB8 /* Build configuration list for PBXNativeTarget "JiraTimesheet Extension Extension (iOS)" */;
			buildPhases = (
				4708D1D52B7225B500DE8FB8 /* Sources */,
				4708D1D62B7225B500DE8FB8 /* Frameworks */,
				4708D1D72B7225B500DE8FB8 /* Resources */,
			);
			buildRules = (
			);
			dependencies = (
			);
			name = "JiraTimesheet Extension Extension (iOS)";
			productName = "JiraTimesheet Extension Extension (iOS)";
			productReference = 4708D1D92B7225B500DE8FB8 /* JiraTimesheet Extension Extension.appex */;
			productType = "com.apple.product-type.app-extension";
		};
		4708D1E22B7225B500DE8FB8 /* JiraTimesheet Extension Extension (macOS) */ = {
			isa = PBXNativeTarget;
			buildConfigurationList = 4708D2012B7225B500DE8FB8 /* Build configuration list for PBXNativeTarget "JiraTimesheet Extension Extension (macOS)" */;
			buildPhases = (
				4708D1DF2B7225B500DE8FB8 /* Sources */,
				4708D1E02B7225B500DE8FB8 /* Frameworks */,
				4708D1E12B7225B500DE8FB8 /* Resources */,
			);
			buildRules = (
			);
			dependencies = (
			);
			name = "JiraTimesheet Extension Extension (macOS)";
			productName = "JiraTimesheet Extension Extension (macOS)";
			productReference = 4708D1E32B7225B500DE8FB8 /* JiraTimesheet Extension Extension.appex */;
			productType = "com.apple.product-type.app-extension";
		};
/* End PBXNativeTarget section */

/* Begin PBXProject section */
		4708D1A72B7225B400DE8FB8 /* Project object */ = {
			isa = PBXProject;
			attributes = {
				BuildIndependentTargetsInParallel = 1;
				LastSwiftUpdateCheck = 1510;
				LastUpgradeCheck = 1510;
				TargetAttributes = {
					4708D1B92B7225B500DE8FB8 = {
						CreatedOnToolsVersion = 15.1;
					};
					4708D1CB2B7225B500DE8FB8 = {
						CreatedOnToolsVersion = 15.1;
					};
					4708D1D82B7225B500DE8FB8 = {
						CreatedOnToolsVersion = 15.1;
					};
					4708D1E22B7225B500DE8FB8 = {
						CreatedOnToolsVersion = 15.1;
					};
				};
			};
			buildConfigurationList = 4708D1AA2B7225B400DE8FB8 /* Build configuration list for PBXProject "JiraTimesheet Extension" */;
			compatibilityVersion = "Xcode 14.0";
			developmentRegion = en;
			hasScannedForEncodings = 0;
			knownRegions = (
				en,
				Base,
			);
			mainGroup = 4708D1A62B7225B400DE8FB8;
			productRefGroup = 4708D1BB2B7225B500DE8FB8 /* Products */;
			projectDirPath = "";
			projectRoot = "";
			targets = (
				4708D1B92B7225B500DE8FB8 /* JiraTimesheet Extension (iOS) */,
				4708D1CB2B7225B500DE8FB8 /* JiraTimesheet Extension (macOS) */,
				4708D1D82B7225B500DE8FB8 /* JiraTimesheet Extension Extension (iOS) */,
				4708D1E22B7225B500DE8FB8 /* JiraTimesheet Extension Extension (macOS) */,
			);
		};
/* End PBXProject section */

/* Begin PBXResourcesBuildPhase section */
		4708D1B82B7225B500DE8FB8 /* Resources */ = {
			isa = PBXResourcesBuildPhase;
			buildActionMask = 2147483647;
			files = (
				4708D1EC2B7225B500DE8FB8 /* Icon.png in Resources */,
				4708D1C32B7225B500DE8FB8 /* LaunchScreen.storyboard in Resources */,
				4708D1EA2B7225B500DE8FB8 /* Main.html in Resources */,
				4708D1F02B7225B500DE8FB8 /* Script.js in Resources */,
				4708D1F42B7225B500DE8FB8 /* Assets.xcassets in Resources */,
				4708D1C62B7225B500DE8FB8 /* Main.storyboard in Resources */,
				4708D1EE2B7225B500DE8FB8 /* Style.css in Resources */,
			);
			runOnlyForDeploymentPostprocessing = 0;
		};
		4708D1CA2B7225B500DE8FB8 /* Resources */ = {
			isa = PBXResourcesBuildPhase;
			buildActionMask = 2147483647;
			files = (
				4708D1ED2B7225B500DE8FB8 /* Icon.png in Resources */,
				4708D1EF2B7225B500DE8FB8 /* Style.css in Resources */,
				4708D1D22B7225B500DE8FB8 /* Main.storyboard in Resources */,
				4708D1F12B7225B500DE8FB8 /* Script.js in Resources */,
				4708D1F52B7225B500DE8FB8 /* Assets.xcassets in Resources */,
				4708D1EB2B7225B500DE8FB8 /* Main.html in Resources */,
			);
			runOnlyForDeploymentPostprocessing = 0;
		};
		4708D1D72B7225B500DE8FB8 /* Resources */ = {
			isa = PBXResourcesBuildPhase;
			buildActionMask = 2147483647;
			files = (
				4708D2142B7225B500DE8FB8 /* manifest.json in Resources */,
				4708D2132B7225B500DE8FB8 /* icons in Resources */,
				47392D7E2B72EEA300BF151E /* style.css in Resources */,
				4708D2112B7225B500DE8FB8 /* index.html in Resources */,
				4708D2122B7225B500DE8FB8 /* script.js in Resources */,
			);
			runOnlyForDeploymentPostprocessing = 0;
		};
		4708D1E12B7225B500DE8FB8 /* Resources */ = {
			isa = PBXResourcesBuildPhase;
			buildActionMask = 2147483647;
			files = (
				4708D2102B7225B500DE8FB8 /* manifest.json in Resources */,
				4708D20F2B7225B500DE8FB8 /* icons in Resources */,
				47392D7F2B72EEA300BF151E /* style.css in Resources */,
				4708D20D2B7225B500DE8FB8 /* index.html in Resources */,
				4708D20E2B7225B500DE8FB8 /* script.js in Resources */,
			);
			runOnlyForDeploymentPostprocessing = 0;
		};
/* End PBXResourcesBuildPhase section */

/* Begin PBXSourcesBuildPhase section */
		4708D1B62B7225B500DE8FB8 /* Sources */ = {
			isa = PBXSourcesBuildPhase;
			buildActionMask = 2147483647;
			files = (
				4708D1F22B7225B500DE8FB8 /* ViewController.swift in Sources */,
				4708D1BE2B7225B500DE8FB8 /* AppDelegate.swift in Sources */,
				4708D1C02B7225B500DE8FB8 /* SceneDelegate.swift in Sources */,
			);
			runOnlyForDeploymentPostprocessing = 0;
		};
		4708D1C82B7225B500DE8FB8 /* Sources */ = {
			isa = PBXSourcesBuildPhase;
			buildActionMask = 2147483647;
			files = (
				4708D1F32B7225B500DE8FB8 /* ViewController.swift in Sources */,
				4708D1CF2B7225B500DE8FB8 /* AppDelegate.swift in Sources */,
			);
			runOnlyForDeploymentPostprocessing = 0;
		};
		4708D1D52B7225B500DE8FB8 /* Sources */ = {
			isa = PBXSourcesBuildPhase;
			buildActionMask = 2147483647;
			files = (
				4708D1F62B7225B500DE8FB8 /* SafariWebExtensionHandler.swift in Sources */,
			);
			runOnlyForDeploymentPostprocessing = 0;
		};
		4708D1DF2B7225B500DE8FB8 /* Sources */ = {
			isa = PBXSourcesBuildPhase;
			buildActionMask = 2147483647;
			files = (
				4708D1F72B7225B500DE8FB8 /* SafariWebExtensionHandler.swift in Sources */,
			);
			runOnlyForDeploymentPostprocessing = 0;
		};
/* End PBXSourcesBuildPhase section */

/* Begin PBXTargetDependency section */
		4708D1DC2B7225B500DE8FB8 /* PBXTargetDependency */ = {
			isa = PBXTargetDependency;
			target = 4708D1D82B7225B500DE8FB8 /* JiraTimesheet Extension Extension (iOS) */;
			targetProxy = 4708D1DB2B7225B500DE8FB8 /* PBXContainerItemProxy */;
		};
		4708D1E62B7225B500DE8FB8 /* PBXTargetDependency */ = {
			isa = PBXTargetDependency;
			target = 4708D1E22B7225B500DE8FB8 /* JiraTimesheet Extension Extension (macOS) */;
			targetProxy = 4708D1E52B7225B500DE8FB8 /* PBXContainerItemProxy */;
		};
/* End PBXTargetDependency section */

/* Begin PBXVariantGroup section */
		4708D1AD2B7225B400DE8FB8 /* Main.html */ = {
			isa = PBXVariantGroup;
			children = (
				4708D1AE2B7225B400DE8FB8 /* Base */,
			);
			name = Main.html;
			sourceTree = "<group>";
		};
		4708D1C12B7225B500DE8FB8 /* LaunchScreen.storyboard */ = {
			isa = PBXVariantGroup;
			children = (
				4708D1C22B7225B500DE8FB8 /* Base */,
			);
			name = LaunchScreen.storyboard;
			sourceTree = "<group>";
		};
		4708D1C42B7225B500DE8FB8 /* Main.storyboard */ = {
			isa = PBXVariantGroup;
			children = (
				4708D1C52B7225B500DE8FB8 /* Base */,
			);
			name = Main.storyboard;
			sourceTree = "<group>";
		};
		4708D1D02B7225B500DE8FB8 /* Main.storyboard */ = {
			isa = PBXVariantGroup;
			children = (
				4708D1D12B7225B500DE8FB8 /* Base */,
			);
			name = Main.storyboard;
			sourceTree = "<group>";
		};
/* End PBXVariantGroup section */

/* Begin XCBuildConfiguration section */
		4708D1F82B7225B500DE8FB8 /* Debug */ = {
			isa = XCBuildConfiguration;
			buildSettings = {
				ALWAYS_SEARCH_USER_PATHS = NO;
				ASSETCATALOG_COMPILER_GENERATE_SWIFT_ASSET_SYMBOL_EXTENSIONS = YES;
				CLANG_ANALYZER_NONNULL = YES;
				CLANG_ANALYZER_NUMBER_OBJECT_CONVERSION = YES_AGGRESSIVE;
				CLANG_CXX_LANGUAGE_STANDARD = "gnu++20";
				CLANG_ENABLE_MODULES = YES;
				CLANG_ENABLE_OBJC_ARC = YES;
				CLANG_ENABLE_OBJC_WEAK = YES;
				CLANG_WARN_BLOCK_CAPTURE_AUTORELEASING = YES;
				CLANG_WARN_BOOL_CONVERSION = YES;
				CLANG_WARN_COMMA = YES;
				CLANG_WARN_CONSTANT_CONVERSION = YES;
				CLANG_WARN_DEPRECATED_OBJC_IMPLEMENTATIONS = YES;
				CLANG_WARN_DIRECT_OBJC_ISA_USAGE = YES_ERROR;
				CLANG_WARN_DOCUMENTATION_COMMENTS = YES;
				CLANG_WARN_EMPTY_BODY = YES;
				CLANG_WARN_ENUM_CONVERSION = YES;
				CLANG_WARN_INFINITE_RECURSION = YES;
				CLANG_WARN_INT_CONVERSION = YES;
				CLANG_WARN_NON_LITERAL_NULL_CONVERSION = YES;
				CLANG_WARN_OBJC_IMPLICIT_RETAIN_SELF = YES;
				CLANG_WARN_OBJC_LITERAL_CONVERSION = YES;
				CLANG_WARN_OBJC_ROOT_CLASS = YES_ERROR;
				CLANG_WARN_QUOTED_INCLUDE_IN_FRAMEWORK_HEADER = YES;
				CLANG_WARN_RANGE_LOOP_ANALYSIS = YES;
				CLANG_WARN_STRICT_PROTOTYPES = YES;
				CLANG_WARN_SUSPICIOUS_MOVE = YES;
				CLANG_WARN_UNGUARDED_AVAILABILITY = YES_AGGRESSIVE;
				CLANG_WARN_UNREACHABLE_CODE = YES;
				CLANG_WARN__DUPLICATE_METHOD_MATCH = YES;
				COPY_PHASE_STRIP = NO;
				DEBUG_INFORMATION_FORMAT = dwarf;
				ENABLE_STRICT_OBJC_MSGSEND = YES;
				ENABLE_TESTABILITY = YES;
				ENABLE_USER_SCRIPT_SANDBOXING = YES;
				GCC_C_LANGUAGE_STANDARD = gnu17;
				GCC_DYNAMIC_NO_PIC = NO;
				GCC_NO_COMMON_BLOCKS = YES;
				GCC_OPTIMIZATION_LEVEL = 0;
				GCC_PREPROCESSOR_DEFINITIONS = (
					"DEBUG=1",
					"$(inherited)",
				);
				GCC_WARN_64_TO_32_BIT_CONVERSION = YES;
				GCC_WARN_ABOUT_RETURN_TYPE = YES_ERROR;
				GCC_WARN_UNDECLARED_SELECTOR = YES;
				GCC_WARN_UNINITIALIZED_AUTOS = YES_AGGRESSIVE;
				GCC_WARN_UNUSED_FUNCTION = YES;
				GCC_WARN_UNUSED_VARIABLE = YES;
				LOCALIZATION_PREFERS_STRING_CATALOGS = YES;
				MTL_ENABLE_DEBUG_INFO = INCLUDE_SOURCE;
				MTL_FAST_MATH = YES;
				ONLY_ACTIVE_ARCH = YES;
				SWIFT_ACTIVE_COMPILATION_CONDITIONS = "DEBUG $(inherited)";
				SWIFT_OPTIMIZATION_LEVEL = "-Onone";
			};
			name = Debug;
		};
		4708D1F92B7225B500DE8FB8 /* Release */ = {
			isa = XCBuildConfiguration;
			buildSettings = {
				ALWAYS_SEARCH_USER_PATHS = NO;
				ASSETCATALOG_COMPILER_GENERATE_SWIFT_ASSET_SYMBOL_EXTENSIONS = YES;
				CLANG_ANALYZER_NONNULL = YES;
				CLANG_ANALYZER_NUMBER_OBJECT_CONVERSION = YES_AGGRESSIVE;
				CLANG_CXX_LANGUAGE_STANDARD = "gnu++20";
				CLANG_ENABLE_MODULES = YES;
				CLANG_ENABLE_OBJC_ARC = YES;
				CLANG_ENABLE_OBJC_WEAK = YES;
				CLANG_WARN_BLOCK_CAPTURE_AUTORELEASING = YES;
				CLANG_WARN_BOOL_CONVERSION = YES;
				CLANG_WARN_COMMA = YES;
				CLANG_WARN_CONSTANT_CONVERSION = YES;
				CLANG_WARN_DEPRECATED_OBJC_IMPLEMENTATIONS = YES;
				CLANG_WARN_DIRECT_OBJC_ISA_USAGE = YES_ERROR;
				CLANG_WARN_DOCUMENTATION_COMMENTS = YES;
				CLANG_WARN_EMPTY_BODY = YES;
				CLANG_WARN_ENUM_CONVERSION = YES;
				CLANG_WARN_INFINITE_RECURSION = YES;
				CLANG_WARN_INT_CONVERSION = YES;
				CLANG_WARN_NON_LITERAL_NULL_CONVERSION = YES;
				CLANG_WARN_OBJC_IMPLICIT_RETAIN_SELF = YES;
				CLANG_WARN_OBJC_LITERAL_CONVERSION = YES;
				CLANG_WARN_OBJC_ROOT_CLASS = YES_ERROR;
				CLANG_WARN_QUOTED_INCLUDE_IN_FRAMEWORK_HEADER = YES;
				CLANG_WARN_RANGE_LOOP_ANALYSIS = YES;
				CLANG_WARN_STRICT_PROTOTYPES = YES;
				CLANG_WARN_SUSPICIOUS_MOVE = YES;
				CLANG_WARN_UNGUARDED_AVAILABILITY = YES_AGGRESSIVE;
				CLANG_WARN_UNREACHABLE_CODE = YES;
				CLANG_WARN__DUPLICATE_METHOD_MATCH = YES;
				COPY_PHASE_STRIP = NO;
				DEBUG_INFORMATION_FORMAT = "dwarf-with-dsym";
				ENABLE_NS_ASSERTIONS = NO;
				ENABLE_STRICT_OBJC_MSGSEND = YES;
				ENABLE_USER_SCRIPT_SANDBOXING = YES;
				GCC_C_LANGUAGE_STANDARD = gnu17;
				GCC_NO_COMMON_BLOCKS = YES;
				GCC_WARN_64_TO_32_BIT_CONVERSION = YES;
				GCC_WARN_ABOUT_RETURN_TYPE = YES_ERROR;
				GCC_WARN_UNDECLARED_SELECTOR = YES;
				GCC_WARN_UNINITIALIZED_AUTOS = YES_AGGRESSIVE;
				GCC_WARN_UNUSED_FUNCTION = YES;
				GCC_WARN_UNUSED_VARIABLE = YES;
				LOCALIZATION_PREFERS_STRING_CATALOGS = YES;
				MTL_ENABLE_DEBUG_INFO = NO;
				MTL_FAST_MATH = YES;
				SWIFT_COMPILATION_MODE = wholemodule;
			};
			name = Release;
		};
		4708D1FB2B7225B500DE8FB8 /* Debug */ = {
			isa = XCBuildConfiguration;
			buildSettings = {
				CODE_SIGN_STYLE = Automatic;
				CURRENT_PROJECT_VERSION = 1;
				DEVELOPMENT_TEAM = XQADLJUN8T;
				GENERATE_INFOPLIST_FILE = YES;
				INFOPLIST_FILE = "iOS (Extension)/Info.plist";
				INFOPLIST_KEY_CFBundleDisplayName = "JiraTimesheet Extension Extension";
				INFOPLIST_KEY_NSHumanReadableCopyright = "";
				IPHONEOS_DEPLOYMENT_TARGET = 15.0;
				LD_RUNPATH_SEARCH_PATHS = (
					"$(inherited)",
					"@executable_path/Frameworks",
					"@executable_path/../../Frameworks",
				);
				MARKETING_VERSION = 1.3.0;
				OTHER_LDFLAGS = (
					"-framework",
					SafariServices,
				);
				PRODUCT_BUNDLE_IDENTIFIER = com.PierrickMarmot.JiraTimesheetExtension.Extension;
				PRODUCT_NAME = "JiraTimesheet Extension Extension";
				SDKROOT = iphoneos;
				SKIP_INSTALL = YES;
				SWIFT_EMIT_LOC_STRINGS = YES;
				SWIFT_VERSION = 5.0;
				TARGETED_DEVICE_FAMILY = "1,2";
			};
			name = Debug;
		};
		4708D1FC2B7225B500DE8FB8 /* Release */ = {
			isa = XCBuildConfiguration;
			buildSettings = {
				CODE_SIGN_STYLE = Automatic;
				CURRENT_PROJECT_VERSION = 1;
				DEVELOPMENT_TEAM = XQADLJUN8T;
				GENERATE_INFOPLIST_FILE = YES;
				INFOPLIST_FILE = "iOS (Extension)/Info.plist";
				INFOPLIST_KEY_CFBundleDisplayName = "JiraTimesheet Extension Extension";
				INFOPLIST_KEY_NSHumanReadableCopyright = "";
				IPHONEOS_DEPLOYMENT_TARGET = 15.0;
				LD_RUNPATH_SEARCH_PATHS = (
					"$(inherited)",
					"@executable_path/Frameworks",
					"@executable_path/../../Frameworks",
				);
				MARKETING_VERSION = 1.3.0;
				OTHER_LDFLAGS = (
					"-framework",
					SafariServices,
				);
				PRODUCT_BUNDLE_IDENTIFIER = com.PierrickMarmot.JiraTimesheetExtension.Extension;
				PRODUCT_NAME = "JiraTimesheet Extension Extension";
				SDKROOT = iphoneos;
				SKIP_INSTALL = YES;
				SWIFT_EMIT_LOC_STRINGS = YES;
				SWIFT_VERSION = 5.0;
				TARGETED_DEVICE_FAMILY = "1,2";
				VALIDATE_PRODUCT = YES;
			};
			name = Release;
		};
		4708D1FF2B7225B500DE8FB8 /* Debug */ = {
			isa = XCBuildConfiguration;
			buildSettings = {
				ALWAYS_EMBED_SWIFT_STANDARD_LIBRARIES = YES;
				ASSETCATALOG_COMPILER_APPICON_NAME = AppIcon;
				ASSETCATALOG_COMPILER_GLOBAL_ACCENT_COLOR_NAME = AccentColor;
				CODE_SIGN_STYLE = Automatic;
				CURRENT_PROJECT_VERSION = 1;
				DEVELOPMENT_TEAM = XQADLJUN8T;
				GENERATE_INFOPLIST_FILE = YES;
				INFOPLIST_FILE = "iOS (App)/Info.plist";
				INFOPLIST_KEY_CFBundleDisplayName = "JiraTimesheet Extension";
				INFOPLIST_KEY_UIApplicationSupportsIndirectInputEvents = YES;
				INFOPLIST_KEY_UILaunchStoryboardName = LaunchScreen;
				INFOPLIST_KEY_UIMainStoryboardFile = Main;
				INFOPLIST_KEY_UISupportedInterfaceOrientations = "UIInterfaceOrientationPortrait UIInterfaceOrientationLandscapeLeft UIInterfaceOrientationLandscapeRight";
				INFOPLIST_KEY_UISupportedInterfaceOrientations_iPad = "UIInterfaceOrientationPortrait UIInterfaceOrientationPortraitUpsideDown UIInterfaceOrientationLandscapeLeft UIInterfaceOrientationLandscapeRight";
				IPHONEOS_DEPLOYMENT_TARGET = 15.0;
				LD_RUNPATH_SEARCH_PATHS = (
					"$(inherited)",
					"@executable_path/Frameworks",
				);
				MARKETING_VERSION = 1.3.0;
				OTHER_LDFLAGS = (
					"-framework",
					SafariServices,
					"-framework",
					WebKit,
				);
				PRODUCT_BUNDLE_IDENTIFIER = com.PierrickMarmot.JiraTimesheetExtension;
				PRODUCT_NAME = "JiraTimesheet Extension";
				SDKROOT = iphoneos;
				SWIFT_EMIT_LOC_STRINGS = YES;
				SWIFT_VERSION = 5.0;
				TARGETED_DEVICE_FAMILY = "1,2";
			};
			name = Debug;
		};
		4708D2002B7225B500DE8FB8 /* Release */ = {
			isa = XCBuildConfiguration;
			buildSettings = {
				ALWAYS_EMBED_SWIFT_STANDARD_LIBRARIES = YES;
				ASSETCATALOG_COMPILER_APPICON_NAME = AppIcon;
				ASSETCATALOG_COMPILER_GLOBAL_ACCENT_COLOR_NAME = AccentColor;
				CODE_SIGN_STYLE = Automatic;
				CURRENT_PROJECT_VERSION = 1;
				DEVELOPMENT_TEAM = XQADLJUN8T;
				GENERATE_INFOPLIST_FILE = YES;
				INFOPLIST_FILE = "iOS (App)/Info.plist";
				INFOPLIST_KEY_CFBundleDisplayName = "JiraTimesheet Extension";
				INFOPLIST_KEY_UIApplicationSupportsIndirectInputEvents = YES;
				INFOPLIST_KEY_UILaunchStoryboardName = LaunchScreen;
				INFOPLIST_KEY_UIMainStoryboardFile = Main;
				INFOPLIST_KEY_UISupportedInterfaceOrientations = "UIInterfaceOrientationPortrait UIInterfaceOrientationLandscapeLeft UIInterfaceOrientationLandscapeRight";
				INFOPLIST_KEY_UISupportedInterfaceOrientations_iPad = "UIInterfaceOrientationPortrait UIInterfaceOrientationPortraitUpsideDown UIInterfaceOrientationLandscapeLeft UIInterfaceOrientationLandscapeRight";
				IPHONEOS_DEPLOYMENT_TARGET = 15.0;
				LD_RUNPATH_SEARCH_PATHS = (
					"$(inherited)",
					"@executable_path/Frameworks",
				);
				MARKETING_VERSION = 1.3.0;
				OTHER_LDFLAGS = (
					"-framework",
					SafariServices,
					"-framework",
					WebKit,
				);
				PRODUCT_BUNDLE_IDENTIFIER = com.PierrickMarmot.JiraTimesheetExtension;
				PRODUCT_NAME = "JiraTimesheet Extension";
				SDKROOT = iphoneos;
				SWIFT_EMIT_LOC_STRINGS = YES;
				SWIFT_VERSION = 5.0;
				TARGETED_DEVICE_FAMILY = "1,2";
				VALIDATE_PRODUCT = YES;
			};
			name = Release;
		};
		4708D2022B7225B500DE8FB8 /* Debug */ = {
			isa = XCBuildConfiguration;
			buildSettings = {
				CODE_SIGN_ENTITLEMENTS = "macOS (Extension)/JiraTimesheet Extension.entitlements";
				CODE_SIGN_STYLE = Automatic;
				CURRENT_PROJECT_VERSION = 1;
				ENABLE_HARDENED_RUNTIME = YES;
				GENERATE_INFOPLIST_FILE = YES;
				INFOPLIST_FILE = "macOS (Extension)/Info.plist";
				INFOPLIST_KEY_CFBundleDisplayName = "JiraTimesheet Extension Extension";
				INFOPLIST_KEY_NSHumanReadableCopyright = "";
				LD_RUNPATH_SEARCH_PATHS = (
					"$(inherited)",
					"@executable_path/../Frameworks",
					"@executable_path/../../../../Frameworks",
				);
				MACOSX_DEPLOYMENT_TARGET = 10.14;
				MARKETING_VERSION = 1.3.0;
				OTHER_LDFLAGS = (
					"-framework",
					SafariServices,
				);
				PRODUCT_BUNDLE_IDENTIFIER = com.PierrickMarmot.JiraTimesheetExtension.Extension;
				PRODUCT_NAME = "JiraTimesheet Extension Extension";
				SDKROOT = macosx;
				SKIP_INSTALL = YES;
				SWIFT_EMIT_LOC_STRINGS = YES;
				SWIFT_VERSION = 5.0;
			};
			name = Debug;
		};
		4708D2032B7225B500DE8FB8 /* Release */ = {
			isa = XCBuildConfiguration;
			buildSettings = {
				CODE_SIGN_ENTITLEMENTS = "macOS (Extension)/JiraTimesheet Extension.entitlements";
				CODE_SIGN_STYLE = Automatic;
				CURRENT_PROJECT_VERSION = 1;
				ENABLE_HARDENED_RUNTIME = YES;
				GENERATE_INFOPLIST_FILE = YES;
				INFOPLIST_FILE = "macOS (Extension)/Info.plist";
				INFOPLIST_KEY_CFBundleDisplayName = "JiraTimesheet Extension Extension";
				INFOPLIST_KEY_NSHumanReadableCopyright = "";
				LD_RUNPATH_SEARCH_PATHS = (
					"$(inherited)",
					"@executable_path/../Frameworks",
					"@executable_path/../../../../Frameworks",
				);
				MACOSX_DEPLOYMENT_TARGET = 10.14;
				MARKETING_VERSION = 1.3.0;
				OTHER_LDFLAGS = (
					"-framework",
					SafariServices,
				);
				PRODUCT_BUNDLE_IDENTIFIER = com.PierrickMarmot.JiraTimesheetExtension.Extension;
				PRODUCT_NAME = "JiraTimesheet Extension Extension";
				SDKROOT = macosx;
				SKIP_INSTALL = YES;
				SWIFT_EMIT_LOC_STRINGS = YES;
				SWIFT_VERSION = 5.0;
			};
			name = Release;
		};
		4708D2062B7225B500DE8FB8 /* Debug */ = {
			isa = XCBuildConfiguration;
			buildSettings = {
				ALWAYS_EMBED_SWIFT_STANDARD_LIBRARIES = YES;
				ASSETCATALOG_COMPILER_APPICON_NAME = AppIcon;
				ASSETCATALOG_COMPILER_GLOBAL_ACCENT_COLOR_NAME = AccentColor;
				CODE_SIGN_ENTITLEMENTS = "macOS (App)/JiraTimesheet Extension.entitlements";
				CODE_SIGN_STYLE = Automatic;
				CURRENT_PROJECT_VERSION = 1;
				ENABLE_HARDENED_RUNTIME = YES;
				GENERATE_INFOPLIST_FILE = YES;
				INFOPLIST_FILE = "macOS (App)/Info.plist";
				INFOPLIST_KEY_CFBundleDisplayName = "JiraTimesheet Extension";
				INFOPLIST_KEY_NSMainStoryboardFile = Main;
				INFOPLIST_KEY_NSPrincipalClass = NSApplication;
				LD_RUNPATH_SEARCH_PATHS = (
					"$(inherited)",
					"@executable_path/../Frameworks",
				);
				MACOSX_DEPLOYMENT_TARGET = 10.14;
				MARKETING_VERSION = 1.3.0;
				OTHER_LDFLAGS = (
					"-framework",
					SafariServices,
					"-framework",
					WebKit,
				);
				PRODUCT_BUNDLE_IDENTIFIER = com.PierrickMarmot.JiraTimesheetExtension;
				PRODUCT_NAME = "JiraTimesheet Extension";
				SDKROOT = macosx;
				SWIFT_EMIT_LOC_STRINGS = YES;
				SWIFT_VERSION = 5.0;
			};
			name = Debug;
		};
		4708D2072B7225B500DE8FB8 /* Release */ = {
			isa = XCBuildConfiguration;
			buildSettings = {
				ALWAYS_EMBED_SWIFT_STANDARD_LIBRARIES = YES;
				ASSETCATALOG_COMPILER_APPICON_NAME = AppIcon;
				ASSETCATALOG_COMPILER_GLOBAL_ACCENT_COLOR_NAME = AccentColor;
				CODE_SIGN_ENTITLEMENTS = "macOS (App)/JiraTimesheet Extension.entitlements";
				CODE_SIGN_STYLE = Automatic;
				CURRENT_PROJECT_VERSION = 1;
				ENABLE_HARDENED_RUNTIME = YES;
				GENERATE_INFOPLIST_FILE = YES;
				INFOPLIST_FILE = "macOS (App)/Info.plist";
				INFOPLIST_KEY_CFBundleDisplayName = "JiraTimesheet Extension";
				INFOPLIST_KEY_NSMainStoryboardFile = Main;
				INFOPLIST_KEY_NSPrincipalClass = NSApplication;
				LD_RUNPATH_SEARCH_PATHS = (
					"$(inherited)",
					"@executable_path/../Frameworks",
				);
				MACOSX_DEPLOYMENT_TARGET = 10.14;
				MARKETING_VERSION = 1.3.0;
				OTHER_LDFLAGS = (
					"-framework",
					SafariServices,
					"-framework",
					WebKit,
				);
				PRODUCT_BUNDLE_IDENTIFIER = com.PierrickMarmot.JiraTimesheetExtension;
				PRODUCT_NAME = "JiraTimesheet Extension";
				SDKROOT = macosx;
				SWIFT_EMIT_LOC_STRINGS = YES;
				SWIFT_VERSION = 5.0;
			};
			name = Release;
		};
/* End XCBuildConfiguration section */

/* Begin XCConfigurationList section */
		4708D1AA2B7225B400DE8FB8 /* Build configuration list for PBXProject "JiraTimesheet Extension" */ = {
			isa = XCConfigurationList;
			buildConfigurations = (
				4708D1F82B7225B500DE8FB8 /* Debug */,
				4708D1F92B7225B500DE8FB8 /* Release */,
			);
			defaultConfigurationIsVisible = 0;
			defaultConfigurationName = Release;
		};
		4708D1FA2B7225B500DE8FB8 /* Build configuration list for PBXNativeTarget "JiraTimesheet Extension Extension (iOS)" */ = {
			isa = XCConfigurationList;
			buildConfigurations = (
				4708D1FB2B7225B500DE8FB8 /* Debug */,
				4708D1FC2B7225B500DE8FB8 /* Release */,
			);
			defaultConfigurationIsVisible = 0;
			defaultConfigurationName = Release;
		};
		4708D1FE2B7225B500DE8FB8 /* Build configuration list for PBXNativeTarget "JiraTimesheet Extension (iOS)" */ = {
			isa = XCConfigurationList;
			buildConfigurations = (
				4708D1FF2B7225B500DE8FB8 /* Debug */,
				4708D2002B7225B500DE8FB8 /* Release */,
			);
			defaultConfigurationIsVisible = 0;
			defaultConfigurationName = Release;
		};
		4708D2012B7225B500DE8FB8 /* Build configuration list for PBXNativeTarget "JiraTimesheet Extension Extension (macOS)" */ = {
			isa = XCConfigurationList;
			buildConfigurations = (
				4708D2022B7225B500DE8FB8 /* Debug */,
				4708D2032B7225B500DE8FB8 /* Release */,
			);
			defaultConfigurationIsVisible = 0;
			defaultConfigurationName = Release;
		};
		4708D2052B7225B500DE8FB8 /* Build configuration list for PBXNativeTarget "JiraTimesheet Extension (macOS)" */ = {
			isa = XCConfigurationList;
			buildConfigurations = (
				4708D2062B7225B500DE8FB8 /* Debug */,
				4708D2072B7225B500DE8FB8 /* Release */,
			);
			defaultConfigurationIsVisible = 0;
			defaultConfigurationName = Release;
		};
/* End XCConfigurationList section */
	};
	rootObject = 4708D1A72B7225B400DE8FB8 /* Project object */;
}
